
Microsoft Visual Studio Solution File, Format Version 12.00
# Visual Studio Version 17
VisualStudioVersion = 17.5.002.0
MinimumVisualStudioVersion = 10.0.40219.1
Project("{9A19103F-16F7-4668-BE54-9A1E7A4F7556}") = "GigaInhousePlugin", "GigaInhousePlugin.csproj", "{B41F7C70-948B-4F9C-9351-1FD02664873D}"
EndProject
Global
	GlobalSection(SolutionConfigurationPlatforms) = preSolution
		Debug|Any CPU = Debug|Any CPU
		Release|Any CPU = Release|Any CPU
	EndGlobalSection
	GlobalSection(ProjectConfigurationPlatforms) = postSolution
		{B41F7C70-948B-4F9C-9351-1FD02664873D}.Debug|Any CPU.ActiveCfg = Debug|Any CPU
		{B41F7C70-948B-4F9C-9351-1FD02664873D}.Debug|Any CPU.Build.0 = Debug|Any CPU
		{B41F7C70-948B-4F9C-9351-1FD02664873D}.Release|Any CPU.ActiveCfg = Release|Any CPU
		{B41F7C70-948B-4F9C-9351-1FD02664873D}.Release|Any CPU.Build.0 = Release|Any CPU
	EndGlobalSection
	GlobalSection(SolutionProperties) = preSolution
		HideSolutionNode = FALSE
	EndGlobalSection
	GlobalSection(ExtensibilityGlobals) = postSolution
		SolutionGuid = {4B08C028-3563-45DE-B92B-7DB3E8B2CF97}
	EndGlobalSection
EndGlobal
